
Microsoft Visual Studio Solution File, Format Version 12.00
# Visual Studio 15
VisualStudioVersion = 15.0.28307.1525
MinimumVisualStudioVersion = 10.0.40219.1
Project("{FAE04EC0-301F-11D3-BF4B-00C04F79EFBC}") = "Colaboraciones2", "Colaboraciones2\Colaboraciones2.csproj", "{BD838301-A3AA-4767-AA27-5F4940948D39}"
EndProject
Global
	GlobalSection(SolutionConfigurationPlatforms) = preSolution
		Debug|Any CPU = Debug|Any CPU
		Release|Any CPU = Release|Any CPU
	EndGlobalSection
	GlobalSection(ProjectConfigurationPlatforms) = postSolution
		{BD838301-A3AA-4767-AA27-5F4940948D39}.Debug|Any CPU.ActiveCfg = Debug|Any CPU
		{BD838301-A3AA-4767-AA27-5F4940948D39}.Debug|Any CPU.Build.0 = Debug|Any CPU
		{BD838301-A3AA-4767-AA27-5F4940948D39}.Release|Any CPU.ActiveCfg = Release|Any CPU
		{BD838301-A3AA-4767-AA27-5F4940948D39}.Release|Any CPU.Build.0 = Release|Any CPU
	EndGlobalSection
	GlobalSection(SolutionProperties) = preSolution
		HideSolutionNode = FALSE
	EndGlobalSection
	GlobalSection(ExtensibilityGlobals) = postSolution
		SolutionGuid = {5AF2BB86-EF6D-4E95-B888-42D17239E705}
	EndGlobalSection
EndGlobal
