
Microsoft Visual Studio Solution File, Format Version 12.00
# Visual Studio 15
VisualStudioVersion = 15.0.28307.1525
MinimumVisualStudioVersion = 10.0.40219.1
Project("{FAE04EC0-301F-11D3-BF4B-00C04F79EFBC}") = "Clases", "Clases\Clases.csproj", "{BF8A068E-D268-4B14-955D-1E988C960B24}"
EndProject
Global
	GlobalSection(SolutionConfigurationPlatforms) = preSolution
		Debug|Any CPU = Debug|Any CPU
		Release|Any CPU = Release|Any CPU
	EndGlobalSection
	GlobalSection(ProjectConfigurationPlatforms) = postSolution
		{BF8A068E-D268-4B14-955D-1E988C960B24}.Debug|Any CPU.ActiveCfg = Debug|Any CPU
		{BF8A068E-D268-4B14-955D-1E988C960B24}.Debug|Any CPU.Build.0 = Debug|Any CPU
		{BF8A068E-D268-4B14-955D-1E988C960B24}.Release|Any CPU.ActiveCfg = Release|Any CPU
		{BF8A068E-D268-4B14-955D-1E988C960B24}.Release|Any CPU.Build.0 = Release|Any CPU
	EndGlobalSection
	GlobalSection(SolutionProperties) = preSolution
		HideSolutionNode = FALSE
	EndGlobalSection
	GlobalSection(ExtensibilityGlobals) = postSolution
		SolutionGuid = {C88840F5-02A3-4470-96BB-232742629430}
	EndGlobalSection
EndGlobal
