
Microsoft Visual Studio Solution File, Format Version 12.00
# Visual Studio 15
VisualStudioVersion = 15.0.28307.1525
MinimumVisualStudioVersion = 10.0.40219.1
Project("{FAE04EC0-301F-11D3-BF4B-00C04F79EFBC}") = "NODOS AUSILIO", "NODOS AUSILIO\NODOS AUSILIO.csproj", "{775C6FFD-8B38-472D-8B12-F544168C4FD5}"
EndProject
Global
	GlobalSection(SolutionConfigurationPlatforms) = preSolution
		Debug|Any CPU = Debug|Any CPU
		Release|Any CPU = Release|Any CPU
	EndGlobalSection
	GlobalSection(ProjectConfigurationPlatforms) = postSolution
		{775C6FFD-8B38-472D-8B12-F544168C4FD5}.Debug|Any CPU.ActiveCfg = Debug|Any CPU
		{775C6FFD-8B38-472D-8B12-F544168C4FD5}.Debug|Any CPU.Build.0 = Debug|Any CPU
		{775C6FFD-8B38-472D-8B12-F544168C4FD5}.Release|Any CPU.ActiveCfg = Release|Any CPU
		{775C6FFD-8B38-472D-8B12-F544168C4FD5}.Release|Any CPU.Build.0 = Release|Any CPU
	EndGlobalSection
	GlobalSection(SolutionProperties) = preSolution
		HideSolutionNode = FALSE
	EndGlobalSection
	GlobalSection(ExtensibilityGlobals) = postSolution
		SolutionGuid = {F95AF470-1292-4B7D-90C0-A1DC953BE323}
	EndGlobalSection
EndGlobal
