
Microsoft Visual Studio Solution File, Format Version 12.00
# Visual Studio Version 16
VisualStudioVersion = 16.0.31205.134
MinimumVisualStudioVersion = 10.0.40219.1
Project("{FAE04EC0-301F-11D3-BF4B-00C04F79EFBC}") = "PracticaListaGenerica", "PracticaListaGenerica\PracticaListaGenerica.csproj", "{AF7893A6-F0B3-460B-A53B-72F31FBEE655}"
EndProject
Global
	GlobalSection(SolutionConfigurationPlatforms) = preSolution
		Debug|Any CPU = Debug|Any CPU
		Release|Any CPU = Release|Any CPU
	EndGlobalSection
	GlobalSection(ProjectConfigurationPlatforms) = postSolution
		{AF7893A6-F0B3-460B-A53B-72F31FBEE655}.Debug|Any CPU.ActiveCfg = Debug|Any CPU
		{AF7893A6-F0B3-460B-A53B-72F31FBEE655}.Debug|Any CPU.Build.0 = Debug|Any CPU
		{AF7893A6-F0B3-460B-A53B-72F31FBEE655}.Release|Any CPU.ActiveCfg = Release|Any CPU
		{AF7893A6-F0B3-460B-A53B-72F31FBEE655}.Release|Any CPU.Build.0 = Release|Any CPU
	EndGlobalSection
	GlobalSection(SolutionProperties) = preSolution
		HideSolutionNode = FALSE
	EndGlobalSection
	GlobalSection(ExtensibilityGlobals) = postSolution
		SolutionGuid = {1843F886-F813-4055-924B-8FE1098BD0E0}
	EndGlobalSection
EndGlobal
